// !$*UTF8*$!
{
	archiveVersion = 1;
	classes = {
	};
	objectVersion = 55;
	objects = {

/* Begin PBXBuildFile section */
		334BB0A827B87A0000F486DE /* PageManagerCell.swift in Sources */ = {isa = PBXBuildFile; fileRef = 334BB0A727B87A0000F486DE /* PageManagerCell.swift */; };
		3356819E27F7D2DC007B6535 /* Profile.swift in Sources */ = {isa = PBXBuildFile; fileRef = 3356819D27F7D2DC007B6535 /* Profile.swift */; };
		335AD5AC27A9E974003655D7 /* AppDelegate.swift in Sources */ = {isa = PBXBuildFile; fileRef = 335AD5AB27A9E974003655D7 /* AppDelegate.swift */; };
		335AD5AE27A9E974003655D7 /* SceneDelegate.swift in Sources */ = {isa = PBXBuildFile; fileRef = 335AD5AD27A9E974003655D7 /* SceneDelegate.swift */; };
		335AD5B027A9E974003655D7 /* LoginController.swift in Sources */ = {isa = PBXBuildFile; fileRef = 335AD5AF27A9E974003655D7 /* LoginController.swift */; };
		335AD5B327A9E974003655D7 /* Main.storyboard in Resources */ = {isa = PBXBuildFile; fileRef = 335AD5B127A9E974003655D7 /* Main.storyboard */; };
		335AD5B527A9E976003655D7 /* Assets.xcassets in Resources */ = {isa = PBXBuildFile; fileRef = 335AD5B427A9E976003655D7 /* Assets.xcassets */; };
		335AD5B827A9E976003655D7 /* LaunchScreen.storyboard in Resources */ = {isa = PBXBuildFile; fileRef = 335AD5B627A9E976003655D7 /* LaunchScreen.storyboard */; };
		335AD5C527A9EB68003655D7 /* Telegraph.swift in Sources */ = {isa = PBXBuildFile; fileRef = 335AD5C427A9EB68003655D7 /* Telegraph.swift */; };
		335F296627D94233002C8CAF /* .swiftlint.yml in Resources */ = {isa = PBXBuildFile; fileRef = 335F296527D94233002C8CAF /* .swiftlint.yml */; };
		3365AAF127B560C600B7FF73 /* ProfileManager.swift in Sources */ = {isa = PBXBuildFile; fileRef = 3365AAF027B560C600B7FF73 /* ProfileManager.swift */; };
		3365AAF327B5639100B7FF73 /* ProfileManagerController.swift in Sources */ = {isa = PBXBuildFile; fileRef = 3365AAF227B5639100B7FF73 /* ProfileManagerController.swift */; };
		3365AAF527B56FBD00B7FF73 /* ProfileManagerCell.swift in Sources */ = {isa = PBXBuildFile; fileRef = 3365AAF427B56FBD00B7FF73 /* ProfileManagerCell.swift */; };
		3372F93327C2F96E0075163F /* Keyсhain.swift in Sources */ = {isa = PBXBuildFile; fileRef = 3372F93227C2F96E0075163F /* Keyсhain.swift */; };
		3372F93927C312B60075163F /* Telegraph.xcdatamodeld in Sources */ = {isa = PBXBuildFile; fileRef = 3372F93727C312B60075163F /* Telegraph.xcdatamodeld */; };
		3372F94027C316EB0075163F /* CoreData.swift in Sources */ = {isa = PBXBuildFile; fileRef = 3372F93F27C316EB0075163F /* CoreData.swift */; };
		33802A5C27B7EB4E005BF5BF /* PageManagerController.swift in Sources */ = {isa = PBXBuildFile; fileRef = 33802A5B27B7EB4E005BF5BF /* PageManagerController.swift */; };
		338AEA0627B741B8005DC28A /* ProfileInfoController.swift in Sources */ = {isa = PBXBuildFile; fileRef = 338AEA0527B741B8005DC28A /* ProfileInfoController.swift */; };
		338B28BF27D01D99001757F7 /* EditorController.swift in Sources */ = {isa = PBXBuildFile; fileRef = 338B28BE27D01D99001757F7 /* EditorController.swift */; };
		33988B752895FEAE007AE3E3 /* LICENSE in Resources */ = {isa = PBXBuildFile; fileRef = 33988B742895FEAE007AE3E3 /* LICENSE */; };
		33BD2F4D289690BE00BBE20C /* RichEditorView.framework in Frameworks */ = {isa = PBXBuildFile; fileRef = 33BD2F472896909E00BBE20C /* RichEditorView.framework */; };
		33BD2F4E289690BE00BBE20C /* RichEditorView.framework in Embed Frameworks */ = {isa = PBXBuildFile; fileRef = 33BD2F472896909E00BBE20C /* RichEditorView.framework */; settings = {ATTRIBUTES = (CodeSignOnCopy, RemoveHeadersOnCopy, ); }; };
		33EA495627F6332D001DDC28 /* TelegraphAPITests.swift in Sources */ = {isa = PBXBuildFile; fileRef = 33EA495527F6332D001DDC28 /* TelegraphAPITests.swift */; };
		33EA496227F65044001DDC28 /* PersistanceTests.swift in Sources */ = {isa = PBXBuildFile; fileRef = 33EA496127F65044001DDC28 /* PersistanceTests.swift */; };
		33EA496427F66878001DDC28 /* ProfileManagerTests.swift in Sources */ = {isa = PBXBuildFile; fileRef = 33EA496327F66878001DDC28 /* ProfileManagerTests.swift */; };
/* End PBXBuildFile section */

/* Begin PBXContainerItemProxy section */
		33BD2F462896909E00BBE20C /* PBXContainerItemProxy */ = {
			isa = PBXContainerItemProxy;
			containerPortal = 33BD2F412896909E00BBE20C /* RichEditorView.xcodeproj */;
			proxyType = 2;
			remoteGlobalIDString = FBA6AAF91AD3EC9F00721644;
			remoteInfo = RichEditorView;
		};
		33BD2F482896909E00BBE20C /* PBXContainerItemProxy */ = {
			isa = PBXContainerItemProxy;
			containerPortal = 33BD2F412896909E00BBE20C /* RichEditorView.xcodeproj */;
			proxyType = 2;
			remoteGlobalIDString = FBA6AB041AD3EC9F00721644;
			remoteInfo = RichEditorViewTests;
		};
		33EA495727F6332D001DDC28 /* PBXContainerItemProxy */ = {
			isa = PBXContainerItemProxy;
			containerPortal = 335AD5A027A9E974003655D7 /* Project object */;
			proxyType = 1;
			remoteGlobalIDString = 335AD5A727A9E974003655D7;
			remoteInfo = Telegraph;
		};
/* End PBXContainerItemProxy section */

/* Begin PBXCopyFilesBuildPhase section */
		33A5D42C28968BB300F14B8F /* Embed Frameworks */ = {
			isa = PBXCopyFilesBuildPhase;
			buildActionMask = 2147483647;
			dstPath = "";
			dstSubfolderSpec = 10;
			files = (
				33BD2F4E289690BE00BBE20C /* RichEditorView.framework in Embed Frameworks */,
			);
			name = "Embed Frameworks";
			runOnlyForDeploymentPostprocessing = 0;
		};
/* End PBXCopyFilesBuildPhase section */

/* Begin PBXFileReference section */
		334BB0A727B87A0000F486DE /* PageManagerCell.swift */ = {isa = PBXFileReference; lastKnownFileType = sourcecode.swift; path = PageManagerCell.swift; sourceTree = "<group>"; };
		3356819D27F7D2DC007B6535 /* Profile.swift */ = {isa = PBXFileReference; lastKnownFileType = sourcecode.swift; path = Profile.swift; sourceTree = "<group>"; };
		335AD5AB27A9E974003655D7 /* AppDelegate.swift */ = {isa = PBXFileReference; lastKnownFileType = sourcecode.swift; path = AppDelegate.swift; sourceTree = "<group>"; };
		335AD5AD27A9E974003655D7 /* SceneDelegate.swift */ = {isa = PBXFileReference; lastKnownFileType = sourcecode.swift; path = SceneDelegate.swift; sourceTree = "<group>"; };
		335AD5AF27A9E974003655D7 /* LoginController.swift */ = {isa = PBXFileReference; lastKnownFileType = sourcecode.swift; path = LoginController.swift; sourceTree = "<group>"; };
		335AD5B227A9E974003655D7 /* Base */ = {isa = PBXFileReference; lastKnownFileType = file.storyboard; name = Base; path = Base.lproj/Main.storyboard; sourceTree = "<group>"; };
		335AD5B427A9E976003655D7 /* Assets.xcassets */ = {isa = PBXFileReference; lastKnownFileType = folder.assetcatalog; path = Assets.xcassets; sourceTree = "<group>"; };
		335AD5B727A9E976003655D7 /* Base */ = {isa = PBXFileReference; lastKnownFileType = file.storyboard; name = Base; path = Base.lproj/LaunchScreen.storyboard; sourceTree = "<group>"; };
		335AD5B927A9E976003655D7 /* Info.plist */ = {isa = PBXFileReference; lastKnownFileType = text.plist.xml; path = Info.plist; sourceTree = "<group>"; };
		335AD5C427A9EB68003655D7 /* Telegraph.swift */ = {isa = PBXFileReference; lastKnownFileType = sourcecode.swift; path = Telegraph.swift; sourceTree = "<group>"; };
		335F296527D94233002C8CAF /* .swiftlint.yml */ = {isa = PBXFileReference; lastKnownFileType = text.yaml; path = .swiftlint.yml; sourceTree = "<group>"; };
		3365AAF027B560C600B7FF73 /* ProfileManager.swift */ = {isa = PBXFileReference; lastKnownFileType = sourcecode.swift; path = ProfileManager.swift; sourceTree = "<group>"; };
		3365AAF227B5639100B7FF73 /* ProfileManagerController.swift */ = {isa = PBXFileReference; lastKnownFileType = sourcecode.swift; path = ProfileManagerController.swift; sourceTree = "<group>"; };
		3365AAF427B56FBD00B7FF73 /* ProfileManagerCell.swift */ = {isa = PBXFileReference; lastKnownFileType = sourcecode.swift; path = ProfileManagerCell.swift; sourceTree = "<group>"; };
		3372F93227C2F96E0075163F /* Keyсhain.swift */ = {isa = PBXFileReference; lastKnownFileType = sourcecode.swift; path = "Keyсhain.swift"; sourceTree = "<group>"; };
		3372F93827C312B60075163F /* Telegraph.xcdatamodel */ = {isa = PBXFileReference; lastKnownFileType = wrapper.xcdatamodel; path = Telegraph.xcdatamodel; sourceTree = "<group>"; };
		3372F93F27C316EB0075163F /* CoreData.swift */ = {isa = PBXFileReference; lastKnownFileType = sourcecode.swift; path = CoreData.swift; sourceTree = "<group>"; };
		337E1AFD289F35620085E259 /* Telegraph.app */ = {isa = PBXFileReference; explicitFileType = wrapper.application; includeInIndex = 0; path = Telegraph.app; sourceTree = BUILT_PRODUCTS_DIR; };
		337E1AFE289F35620085E259 /* TelegraphTests.xctest */ = {isa = PBXFileReference; explicitFileType = wrapper.cfbundle; includeInIndex = 0; name = TelegraphTests.xctest; path = "/Users/shade/Documents/Code/etc/Telegraph/build/Debug-iphoneos/TelegraphTests.xctest"; sourceTree = "<absolute>"; };
		33802A5B27B7EB4E005BF5BF /* PageManagerController.swift */ = {isa = PBXFileReference; lastKnownFileType = sourcecode.swift; path = PageManagerController.swift; sourceTree = "<group>"; };
		338AEA0527B741B8005DC28A /* ProfileInfoController.swift */ = {isa = PBXFileReference; lastKnownFileType = sourcecode.swift; path = ProfileInfoController.swift; sourceTree = "<group>"; };
		338B28BE27D01D99001757F7 /* EditorController.swift */ = {isa = PBXFileReference; lastKnownFileType = sourcecode.swift; path = EditorController.swift; sourceTree = "<group>"; };
		33988B742895FEAE007AE3E3 /* LICENSE */ = {isa = PBXFileReference; fileEncoding = 4; lastKnownFileType = text; path = LICENSE; sourceTree = "<group>"; };
		33AA4AE627DA142600A87E55 /* README.MD */ = {isa = PBXFileReference; lastKnownFileType = net.daringfireball.markdown; path = README.MD; sourceTree = "<group>"; };
		33BD2F412896909E00BBE20C /* RichEditorView.xcodeproj */ = {isa = PBXFileReference; lastKnownFileType = "wrapper.pb-project"; name = RichEditorView.xcodeproj; path = RichEditorView/RichEditorView.xcodeproj; sourceTree = "<group>"; };
		33EA495527F6332D001DDC28 /* TelegraphAPITests.swift */ = {isa = PBXFileReference; lastKnownFileType = sourcecode.swift; path = TelegraphAPITests.swift; sourceTree = "<group>"; };
		33EA496127F65044001DDC28 /* PersistanceTests.swift */ = {isa = PBXFileReference; lastKnownFileType = sourcecode.swift; path = PersistanceTests.swift; sourceTree = "<group>"; };
		33EA496327F66878001DDC28 /* ProfileManagerTests.swift */ = {isa = PBXFileReference; lastKnownFileType = sourcecode.swift; path = ProfileManagerTests.swift; sourceTree = "<group>"; };
/* End PBXFileReference section */

/* Begin PBXFrameworksBuildPhase section */
		335AD5A527A9E974003655D7 /* Frameworks */ = {
			isa = PBXFrameworksBuildPhase;
			buildActionMask = 2147483647;
			files = (
				33BD2F4D289690BE00BBE20C /* RichEditorView.framework in Frameworks */,
			);
			runOnlyForDeploymentPostprocessing = 0;
		};
		33EA495027F6332D001DDC28 /* Frameworks */ = {
			isa = PBXFrameworksBuildPhase;
			buildActionMask = 2147483647;
			files = (
			);
			runOnlyForDeploymentPostprocessing = 0;
		};
/* End PBXFrameworksBuildPhase section */

/* Begin PBXGroup section */
		335AD59F27A9E974003655D7 = {
			isa = PBXGroup;
			children = (
				335AD5AA27A9E974003655D7 /* Telegraph */,
				33AA4AE627DA142600A87E55 /* README.MD */,
				33988B742895FEAE007AE3E3 /* LICENSE */,
				335F296527D94233002C8CAF /* .swiftlint.yml */,
				33BD2F412896909E00BBE20C /* RichEditorView.xcodeproj */,
				33EA495427F6332D001DDC28 /* TelegraphTests */,
				337E1AFD289F35620085E259 /* Telegraph.app */,
			);
			sourceTree = "<group>";
		};
		335AD5AA27A9E974003655D7 /* Telegraph */ = {
			isa = PBXGroup;
			children = (
				335AD5BF27A9E984003655D7 /* Model */,
				335AD5C027A9E98B003655D7 /* View */,
				335AD5C127A9E991003655D7 /* Controller */,
				335AD5AB27A9E974003655D7 /* AppDelegate.swift */,
				335AD5AD27A9E974003655D7 /* SceneDelegate.swift */,
				335AD5B127A9E974003655D7 /* Main.storyboard */,
				335AD5B627A9E976003655D7 /* LaunchScreen.storyboard */,
				335AD5B427A9E976003655D7 /* Assets.xcassets */,
				3372F93727C312B60075163F /* Telegraph.xcdatamodeld */,
				335AD5B927A9E976003655D7 /* Info.plist */,
			);
			path = Telegraph;
			sourceTree = "<group>";
		};
		335AD5BF27A9E984003655D7 /* Model */ = {
			isa = PBXGroup;
			children = (
				335AD5C427A9EB68003655D7 /* Telegraph.swift */,
				3365AAF027B560C600B7FF73 /* ProfileManager.swift */,
				3356819D27F7D2DC007B6535 /* Profile.swift */,
				3372F93E27C314510075163F /* Persistence */,
			);
			path = Model;
			sourceTree = "<group>";
		};
		335AD5C027A9E98B003655D7 /* View */ = {
			isa = PBXGroup;
			children = (
				3365AAF427B56FBD00B7FF73 /* ProfileManagerCell.swift */,
				334BB0A727B87A0000F486DE /* PageManagerCell.swift */,
			);
			path = View;
			sourceTree = "<group>";
		};
		335AD5C127A9E991003655D7 /* Controller */ = {
			isa = PBXGroup;
			children = (
				3365AAF227B5639100B7FF73 /* ProfileManagerController.swift */,
				338AEA0527B741B8005DC28A /* ProfileInfoController.swift */,
				335AD5AF27A9E974003655D7 /* LoginController.swift */,
				33802A5B27B7EB4E005BF5BF /* PageManagerController.swift */,
				338B28BE27D01D99001757F7 /* EditorController.swift */,
			);
			path = Controller;
			sourceTree = "<group>";
		};
		3372F93E27C314510075163F /* Persistence */ = {
			isa = PBXGroup;
			children = (
				3372F93227C2F96E0075163F /* Keyсhain.swift */,
				3372F93F27C316EB0075163F /* CoreData.swift */,
			);
			path = Persistence;
			sourceTree = "<group>";
		};
		33BD2F422896909E00BBE20C /* Products */ = {
			isa = PBXGroup;
			children = (
				33BD2F472896909E00BBE20C /* RichEditorView.framework */,
				33BD2F492896909E00BBE20C /* RichEditorViewTests.xctest */,
			);
			name = Products;
			sourceTree = "<group>";
		};
		33EA495427F6332D001DDC28 /* TelegraphTests */ = {
			isa = PBXGroup;
			children = (
				33EA495527F6332D001DDC28 /* TelegraphAPITests.swift */,
				33EA496327F66878001DDC28 /* ProfileManagerTests.swift */,
				33EA496127F65044001DDC28 /* PersistanceTests.swift */,
			);
			path = TelegraphTests;
			sourceTree = "<group>";
		};
/* End PBXGroup section */

/* Begin PBXNativeTarget section */
		335AD5A727A9E974003655D7 /* Telegraph */ = {
			isa = PBXNativeTarget;
			buildConfigurationList = 335AD5BC27A9E976003655D7 /* Build configuration list for PBXNativeTarget "Telegraph" */;
			buildPhases = (
				335AD5A427A9E974003655D7 /* Sources */,
				335AD5A527A9E974003655D7 /* Frameworks */,
				335AD5A627A9E974003655D7 /* Resources */,
				335F296227D93F8D002C8CAF /* Linter */,
				33A5D42C28968BB300F14B8F /* Embed Frameworks */,
			);
			buildRules = (
			);
			dependencies = (
			);
			name = Telegraph;
			productName = Telegraph;
			productReference = 337E1AFD289F35620085E259 /* Telegraph.app */;
			productType = "com.apple.product-type.application";
		};
		33EA495227F6332D001DDC28 /* TelegraphTests */ = {
			isa = PBXNativeTarget;
			buildConfigurationList = 33EA495B27F6332D001DDC28 /* Build configuration list for PBXNativeTarget "TelegraphTests" */;
			buildPhases = (
				33EA494F27F6332D001DDC28 /* Sources */,
				33EA495027F6332D001DDC28 /* Frameworks */,
				33EA495127F6332D001DDC28 /* Resources */,
			);
			buildRules = (
			);
			dependencies = (
				33EA495827F6332D001DDC28 /* PBXTargetDependency */,
			);
			name = TelegraphTests;
			productName = TelegraphTests;
			productReference = 337E1AFE289F35620085E259 /* TelegraphTests.xctest */;
			productType = "com.apple.product-type.bundle.unit-test";
		};
/* End PBXNativeTarget section */

/* Begin PBXProject section */
		335AD5A027A9E974003655D7 /* Project object */ = {
			isa = PBXProject;
			attributes = {
				BuildIndependentTargetsInParallel = 1;
				LastSwiftUpdateCheck = 1320;
				LastUpgradeCheck = 1310;
				TargetAttributes = {
					335AD5A727A9E974003655D7 = {
						CreatedOnToolsVersion = 13.1;
					};
					33EA495227F6332D001DDC28 = {
						CreatedOnToolsVersion = 13.2.1;
						TestTargetID = 335AD5A727A9E974003655D7;
					};
				};
			};
			buildConfigurationList = 335AD5A327A9E974003655D7 /* Build configuration list for PBXProject "Telegraph" */;
			compatibilityVersion = "Xcode 13.0";
			developmentRegion = en;
			hasScannedForEncodings = 0;
			knownRegions = (
				en,
				Base,
			);
			mainGroup = 335AD59F27A9E974003655D7;
			productRefGroup = 335AD59F27A9E974003655D7;
			projectDirPath = "";
			projectReferences = (
				{
					ProductGroup = 33BD2F422896909E00BBE20C /* Products */;
					ProjectRef = 33BD2F412896909E00BBE20C /* RichEditorView.xcodeproj */;
				},
			);
			projectRoot = "";
			targets = (
				335AD5A727A9E974003655D7 /* Telegraph */,
				33EA495227F6332D001DDC28 /* TelegraphTests */,
			);
		};
/* End PBXProject section */

/* Begin PBXReferenceProxy section */
		33BD2F472896909E00BBE20C /* RichEditorView.framework */ = {
			isa = PBXReferenceProxy;
			fileType = wrapper.framework;
			path = RichEditorView.framework;
			remoteRef = 33BD2F462896909E00BBE20C /* PBXContainerItemProxy */;
			sourceTree = BUILT_PRODUCTS_DIR;
		};
		33BD2F492896909E00BBE20C /* RichEditorViewTests.xctest */ = {
			isa = PBXReferenceProxy;
			fileType = wrapper.cfbundle;
			path = RichEditorViewTests.xctest;
			remoteRef = 33BD2F482896909E00BBE20C /* PBXContainerItemProxy */;
			sourceTree = BUILT_PRODUCTS_DIR;
		};
/* End PBXReferenceProxy section */

/* Begin PBXResourcesBuildPhase section */
		335AD5A627A9E974003655D7 /* Resources */ = {
			isa = PBXResourcesBuildPhase;
			buildActionMask = 2147483647;
			files = (
				335F296627D94233002C8CAF /* .swiftlint.yml in Resources */,
				335AD5B827A9E976003655D7 /* LaunchScreen.storyboard in Resources */,
				335AD5B527A9E976003655D7 /* Assets.xcassets in Resources */,
				335AD5B327A9E974003655D7 /* Main.storyboard in Resources */,
				33988B752895FEAE007AE3E3 /* LICENSE in Resources */,
			);
			runOnlyForDeploymentPostprocessing = 0;
		};
		33EA495127F6332D001DDC28 /* Resources */ = {
			isa = PBXResourcesBuildPhase;
			buildActionMask = 2147483647;
			files = (
			);
			runOnlyForDeploymentPostprocessing = 0;
		};
/* End PBXResourcesBuildPhase section */

/* Begin PBXShellScriptBuildPhase section */
		335F296227D93F8D002C8CAF /* Linter */ = {
			isa = PBXShellScriptBuildPhase;
			alwaysOutOfDate = 1;
			buildActionMask = 2147483647;
			files = (
			);
			inputFileListPaths = (
			);
			inputPaths = (
			);
			name = Linter;
			outputFileListPaths = (
			);
			outputPaths = (
			);
			runOnlyForDeploymentPostprocessing = 0;
			shellPath = /bin/sh;
			shellScript = "export PATH=\"$PATH:/opt/homebrew/bin\"\n\nif which swiftlint >/dev/null; then\n    swiftlint\nelse\n    echo \"warning: SwiftLint not installed, download from https://github.com/realm/SwiftLint\"\nfi\n";
		};
/* End PBXShellScriptBuildPhase section */

/* Begin PBXSourcesBuildPhase section */
		335AD5A427A9E974003655D7 /* Sources */ = {
			isa = PBXSourcesBuildPhase;
			buildActionMask = 2147483647;
			files = (
				33802A5C27B7EB4E005BF5BF /* PageManagerController.swift in Sources */,
				3356819E27F7D2DC007B6535 /* Profile.swift in Sources */,
				3365AAF127B560C600B7FF73 /* ProfileManager.swift in Sources */,
				335AD5B027A9E974003655D7 /* LoginController.swift in Sources */,
				3372F94027C316EB0075163F /* CoreData.swift in Sources */,
				335AD5AC27A9E974003655D7 /* AppDelegate.swift in Sources */,
				334BB0A827B87A0000F486DE /* PageManagerCell.swift in Sources */,
				338AEA0627B741B8005DC28A /* ProfileInfoController.swift in Sources */,
				3365AAF327B5639100B7FF73 /* ProfileManagerController.swift in Sources */,
				3365AAF527B56FBD00B7FF73 /* ProfileManagerCell.swift in Sources */,
				3372F93327C2F96E0075163F /* Keyсhain.swift in Sources */,
				338B28BF27D01D99001757F7 /* EditorController.swift in Sources */,
				335AD5C527A9EB68003655D7 /* Telegraph.swift in Sources */,
				335AD5AE27A9E974003655D7 /* SceneDelegate.swift in Sources */,
				3372F93927C312B60075163F /* Telegraph.xcdatamodeld in Sources */,
			);
			runOnlyForDeploymentPostprocessing = 0;
		};
		33EA494F27F6332D001DDC28 /* Sources */ = {
			isa = PBXSourcesBuildPhase;
			buildActionMask = 2147483647;
			files = (
				33EA495627F6332D001DDC28 /* TelegraphAPITests.swift in Sources */,
				33EA496227F65044001DDC28 /* PersistanceTests.swift in Sources */,
				33EA496427F66878001DDC28 /* ProfileManagerTests.swift in Sources */,
			);
			runOnlyForDeploymentPostprocessing = 0;
		};
/* End PBXSourcesBuildPhase section */

/* Begin PBXTargetDependency section */
		33EA495827F6332D001DDC28 /* PBXTargetDependency */ = {
			isa = PBXTargetDependency;
			target = 335AD5A727A9E974003655D7 /* Telegraph */;
			targetProxy = 33EA495727F6332D001DDC28 /* PBXContainerItemProxy */;
		};
/* End PBXTargetDependency section */

/* Begin PBXVariantGroup section */
		335AD5B127A9E974003655D7 /* Main.storyboard */ = {
			isa = PBXVariantGroup;
			children = (
				335AD5B227A9E974003655D7 /* Base */,
			);
			name = Main.storyboard;
			sourceTree = "<group>";
		};
		335AD5B627A9E976003655D7 /* LaunchScreen.storyboard */ = {
			isa = PBXVariantGroup;
			children = (
				335AD5B727A9E976003655D7 /* Base */,
			);
			name = LaunchScreen.storyboard;
			sourceTree = "<group>";
		};
/* End PBXVariantGroup section */

/* Begin XCBuildConfiguration section */
		335AD5BA27A9E976003655D7 /* Debug */ = {
			isa = XCBuildConfiguration;
			buildSettings = {
				ALWAYS_SEARCH_USER_PATHS = NO;
				CLANG_ANALYZER_NONNULL = YES;
				CLANG_ANALYZER_NUMBER_OBJECT_CONVERSION = YES_AGGRESSIVE;
				CLANG_CXX_LANGUAGE_STANDARD = "gnu++17";
				CLANG_CXX_LIBRARY = "libc++";
				CLANG_ENABLE_MODULES = YES;
				CLANG_ENABLE_OBJC_ARC = YES;
				CLANG_ENABLE_OBJC_WEAK = YES;
				CLANG_WARN_BLOCK_CAPTURE_AUTORELEASING = YES;
				CLANG_WARN_BOOL_CONVERSION = YES;
				CLANG_WARN_COMMA = YES;
				CLANG_WARN_CONSTANT_CONVERSION = YES;
				CLANG_WARN_DEPRECATED_OBJC_IMPLEMENTATIONS = YES;
				CLANG_WARN_DIRECT_OBJC_ISA_USAGE = YES_ERROR;
				CLANG_WARN_DOCUMENTATION_COMMENTS = YES;
				CLANG_WARN_EMPTY_BODY = YES;
				CLANG_WARN_ENUM_CONVERSION = YES;
				CLANG_WARN_INFINITE_RECURSION = YES;
				CLANG_WARN_INT_CONVERSION = YES;
				CLANG_WARN_NON_LITERAL_NULL_CONVERSION = YES;
				CLANG_WARN_OBJC_IMPLICIT_RETAIN_SELF = YES;
				CLANG_WARN_OBJC_LITERAL_CONVERSION = YES;
				CLANG_WARN_OBJC_ROOT_CLASS = YES_ERROR;
				CLANG_WARN_QUOTED_INCLUDE_IN_FRAMEWORK_HEADER = YES;
				CLANG_WARN_RANGE_LOOP_ANALYSIS = YES;
				CLANG_WARN_STRICT_PROTOTYPES = YES;
				CLANG_WARN_SUSPICIOUS_MOVE = YES;
				CLANG_WARN_UNGUARDED_AVAILABILITY = YES_AGGRESSIVE;
				CLANG_WARN_UNREACHABLE_CODE = YES;
				CLANG_WARN__DUPLICATE_METHOD_MATCH = YES;
				COPY_PHASE_STRIP = NO;
				DEBUG_INFORMATION_FORMAT = dwarf;
				ENABLE_STRICT_OBJC_MSGSEND = YES;
				ENABLE_TESTABILITY = YES;
				GCC_C_LANGUAGE_STANDARD = gnu11;
				GCC_DYNAMIC_NO_PIC = NO;
				GCC_NO_COMMON_BLOCKS = YES;
				GCC_OPTIMIZATION_LEVEL = 0;
				GCC_PREPROCESSOR_DEFINITIONS = (
					"DEBUG=1",
					"$(inherited)",
				);
				GCC_WARN_64_TO_32_BIT_CONVERSION = YES;
				GCC_WARN_ABOUT_RETURN_TYPE = YES_ERROR;
				GCC_WARN_UNDECLARED_SELECTOR = YES;
				GCC_WARN_UNINITIALIZED_AUTOS = YES_AGGRESSIVE;
				GCC_WARN_UNUSED_FUNCTION = YES;
				GCC_WARN_UNUSED_VARIABLE = YES;
				IPHONEOS_DEPLOYMENT_TARGET = 15.0;
				MTL_ENABLE_DEBUG_INFO = INCLUDE_SOURCE;
				MTL_FAST_MATH = YES;
				ONLY_ACTIVE_ARCH = YES;
				SDKROOT = iphoneos;
				SWIFT_ACTIVE_COMPILATION_CONDITIONS = DEBUG;
				SWIFT_OPTIMIZATION_LEVEL = "-Onone";
			};
			name = Debug;
		};
		335AD5BB27A9E976003655D7 /* Release */ = {
			isa = XCBuildConfiguration;
			buildSettings = {
				ALWAYS_SEARCH_USER_PATHS = NO;
				CLANG_ANALYZER_NONNULL = YES;
				CLANG_ANALYZER_NUMBER_OBJECT_CONVERSION = YES_AGGRESSIVE;
				CLANG_CXX_LANGUAGE_STANDARD = "gnu++17";
				CLANG_CXX_LIBRARY = "libc++";
				CLANG_ENABLE_MODULES = YES;
				CLANG_ENABLE_OBJC_ARC = YES;
				CLANG_ENABLE_OBJC_WEAK = YES;
				CLANG_WARN_BLOCK_CAPTURE_AUTORELEASING = YES;
				CLANG_WARN_BOOL_CONVERSION = YES;
				CLANG_WARN_COMMA = YES;
				CLANG_WARN_CONSTANT_CONVERSION = YES;
				CLANG_WARN_DEPRECATED_OBJC_IMPLEMENTATIONS = YES;
				CLANG_WARN_DIRECT_OBJC_ISA_USAGE = YES_ERROR;
				CLANG_WARN_DOCUMENTATION_COMMENTS = YES;
				CLANG_WARN_EMPTY_BODY = YES;
				CLANG_WARN_ENUM_CONVERSION = YES;
				CLANG_WARN_INFINITE_RECURSION = YES;
				CLANG_WARN_INT_CONVERSION = YES;
				CLANG_WARN_NON_LITERAL_NULL_CONVERSION = YES;
				CLANG_WARN_OBJC_IMPLICIT_RETAIN_SELF = YES;
				CLANG_WARN_OBJC_LITERAL_CONVERSION = YES;
				CLANG_WARN_OBJC_ROOT_CLASS = YES_ERROR;
				CLANG_WARN_QUOTED_INCLUDE_IN_FRAMEWORK_HEADER = YES;
				CLANG_WARN_RANGE_LOOP_ANALYSIS = YES;
				CLANG_WARN_STRICT_PROTOTYPES = YES;
				CLANG_WARN_SUSPICIOUS_MOVE = YES;
				CLANG_WARN_UNGUARDED_AVAILABILITY = YES_AGGRESSIVE;
				CLANG_WARN_UNREACHABLE_CODE = YES;
				CLANG_WARN__DUPLICATE_METHOD_MATCH = YES;
				COPY_PHASE_STRIP = NO;
				DEBUG_INFORMATION_FORMAT = "dwarf-with-dsym";
				ENABLE_NS_ASSERTIONS = NO;
				ENABLE_STRICT_OBJC_MSGSEND = YES;
				GCC_C_LANGUAGE_STANDARD = gnu11;
				GCC_NO_COMMON_BLOCKS = YES;
				GCC_WARN_64_TO_32_BIT_CONVERSION = YES;
				GCC_WARN_ABOUT_RETURN_TYPE = YES_ERROR;
				GCC_WARN_UNDECLARED_SELECTOR = YES;
				GCC_WARN_UNINITIALIZED_AUTOS = YES_AGGRESSIVE;
				GCC_WARN_UNUSED_FUNCTION = YES;
				GCC_WARN_UNUSED_VARIABLE = YES;
				IPHONEOS_DEPLOYMENT_TARGET = 15.0;
				MTL_ENABLE_DEBUG_INFO = NO;
				MTL_FAST_MATH = YES;
				SDKROOT = iphoneos;
				SWIFT_COMPILATION_MODE = wholemodule;
				SWIFT_OPTIMIZATION_LEVEL = "-O";
				VALIDATE_PRODUCT = YES;
			};
			name = Release;
		};
		335AD5BD27A9E976003655D7 /* Debug */ = {
			isa = XCBuildConfiguration;
			buildSettings = {
				ASSETCATALOG_COMPILER_APPICON_NAME = AppIcon;
				ASSETCATALOG_COMPILER_GLOBAL_ACCENT_COLOR_NAME = AccentColor;
				CODE_SIGN_STYLE = Automatic;
				CURRENT_PROJECT_VERSION = 1;
				DEVELOPMENT_TEAM = W6HHBUW4D9;
				GENERATE_INFOPLIST_FILE = YES;
				INFOPLIST_FILE = Telegraph/Info.plist;
				INFOPLIST_KEY_NSCameraUsageDescription = "Telegraph requires photo library access to set profile pictures.";
				INFOPLIST_KEY_UIApplicationSupportsIndirectInputEvents = YES;
				INFOPLIST_KEY_UILaunchStoryboardName = LaunchScreen;
				INFOPLIST_KEY_UIMainStoryboardFile = Main;
				INFOPLIST_KEY_UIStatusBarStyle = "";
				INFOPLIST_KEY_UISupportedInterfaceOrientations = UIInterfaceOrientationPortrait;
				INFOPLIST_KEY_UISupportedInterfaceOrientations_iPad = "UIInterfaceOrientationLandscapeLeft UIInterfaceOrientationLandscapeRight UIInterfaceOrientationPortrait UIInterfaceOrientationPortraitUpsideDown";
				LD_RUNPATH_SEARCH_PATHS = (
					"$(inherited)",
					"@executable_path/Frameworks",
				);
				MARKETING_VERSION = 1.0;
				PRODUCT_BUNDLE_IDENTIFIER = com.github.h1yoke.Telegraph;
				PRODUCT_NAME = "$(TARGET_NAME)";
				SWIFT_EMIT_LOC_STRINGS = YES;
				SWIFT_VERSION = 5.0;
				TARGETED_DEVICE_FAMILY = "1,2";
			};
			name = Debug;
		};
		335AD5BE27A9E976003655D7 /* Release */ = {
			isa = XCBuildConfiguration;
			buildSettings = {
				ASSETCATALOG_COMPILER_APPICON_NAME = AppIcon;
				ASSETCATALOG_COMPILER_GLOBAL_ACCENT_COLOR_NAME = AccentColor;
				CODE_SIGN_STYLE = Automatic;
				CURRENT_PROJECT_VERSION = 1;
				DEVELOPMENT_TEAM = W6HHBUW4D9;
				GENERATE_INFOPLIST_FILE = YES;
				INFOPLIST_FILE = Telegraph/Info.plist;
				INFOPLIST_KEY_NSCameraUsageDescription = "Telegraph requires photo library access to set profile pictures.";
				INFOPLIST_KEY_UIApplicationSupportsIndirectInputEvents = YES;
				INFOPLIST_KEY_UILaunchStoryboardName = LaunchScreen;
				INFOPLIST_KEY_UIMainStoryboardFile = Main;
				INFOPLIST_KEY_UIStatusBarStyle = "";
				INFOPLIST_KEY_UISupportedInterfaceOrientations = UIInterfaceOrientationPortrait;
				INFOPLIST_KEY_UISupportedInterfaceOrientations_iPad = "UIInterfaceOrientationLandscapeLeft UIInterfaceOrientationLandscapeRight UIInterfaceOrientationPortrait UIInterfaceOrientationPortraitUpsideDown";
				LD_RUNPATH_SEARCH_PATHS = (
					"$(inherited)",
					"@executable_path/Frameworks",
				);
				MARKETING_VERSION = 1.0;
				PRODUCT_BUNDLE_IDENTIFIER = com.github.h1yoke.Telegraph;
				PRODUCT_NAME = "$(TARGET_NAME)";
				SWIFT_EMIT_LOC_STRINGS = YES;
				SWIFT_VERSION = 5.0;
				TARGETED_DEVICE_FAMILY = "1,2";
			};
			name = Release;
		};
		33EA495927F6332D001DDC28 /* Debug */ = {
			isa = XCBuildConfiguration;
			buildSettings = {
				BUNDLE_LOADER = "$(TEST_HOST)";
				CODE_SIGN_STYLE = Automatic;
				CURRENT_PROJECT_VERSION = 1;
				DEVELOPMENT_TEAM = W6HHBUW4D9;
				GENERATE_INFOPLIST_FILE = YES;
				IPHONEOS_DEPLOYMENT_TARGET = 15.2;
				MARKETING_VERSION = 1.0;
				PRODUCT_BUNDLE_IDENTIFIER = com.github.h1yoke.TelegraphTests;
				PRODUCT_NAME = "$(TARGET_NAME)";
				SWIFT_EMIT_LOC_STRINGS = NO;
				SWIFT_VERSION = 5.0;
				TARGETED_DEVICE_FAMILY = "1,2";
				TEST_HOST = "$(BUILT_PRODUCTS_DIR)/Telegraph.app/Telegraph";
			};
			name = Debug;
		};
		33EA495A27F6332D001DDC28 /* Release */ = {
			isa = XCBuildConfiguration;
			buildSettings = {
				BUNDLE_LOADER = "$(TEST_HOST)";
				CODE_SIGN_STYLE = Automatic;
				CURRENT_PROJECT_VERSION = 1;
				DEVELOPMENT_TEAM = W6HHBUW4D9;
				GENERATE_INFOPLIST_FILE = YES;
				IPHONEOS_DEPLOYMENT_TARGET = 15.2;
				MARKETING_VERSION = 1.0;
				PRODUCT_BUNDLE_IDENTIFIER = com.github.h1yoke.TelegraphTests;
				PRODUCT_NAME = "$(TARGET_NAME)";
				SWIFT_EMIT_LOC_STRINGS = NO;
				SWIFT_VERSION = 5.0;
				TARGETED_DEVICE_FAMILY = "1,2";
				TEST_HOST = "$(BUILT_PRODUCTS_DIR)/Telegraph.app/Telegraph";
			};
			name = Release;
		};
/* End XCBuildConfiguration section */

/* Begin XCConfigurationList section */
		335AD5A327A9E974003655D7 /* Build configuration list for PBXProject "Telegraph" */ = {
			isa = XCConfigurationList;
			buildConfigurations = (
				335AD5BA27A9E976003655D7 /* Debug */,
				335AD5BB27A9E976003655D7 /* Release */,
			);
			defaultConfigurationIsVisible = 0;
			defaultConfigurationName = Release;
		};
		335AD5BC27A9E976003655D7 /* Build configuration list for PBXNativeTarget "Telegraph" */ = {
			isa = XCConfigurationList;
			buildConfigurations = (
				335AD5BD27A9E976003655D7 /* Debug */,
				335AD5BE27A9E976003655D7 /* Release */,
			);
			defaultConfigurationIsVisible = 0;
			defaultConfigurationName = Release;
		};
		33EA495B27F6332D001DDC28 /* Build configuration list for PBXNativeTarget "TelegraphTests" */ = {
			isa = XCConfigurationList;
			buildConfigurations = (
				33EA495927F6332D001DDC28 /* Debug */,
				33EA495A27F6332D001DDC28 /* Release */,
			);
			defaultConfigurationIsVisible = 0;
			defaultConfigurationName = Release;
		};
/* End XCConfigurationList section */

/* Begin XCVersionGroup section */
		3372F93727C312B60075163F /* Telegraph.xcdatamodeld */ = {
			isa = XCVersionGroup;
			children = (
				3372F93827C312B60075163F /* Telegraph.xcdatamodel */,
			);
			currentVersion = 3372F93827C312B60075163F /* Telegraph.xcdatamodel */;
			path = Telegraph.xcdatamodeld;
			sourceTree = "<group>";
			versionGroupType = wrapper.xcdatamodel;
		};
/* End XCVersionGroup section */
	};
	rootObject = 335AD5A027A9E974003655D7 /* Project object */;
}
